// !$*UTF8*$!
{
	archiveVersion = 1;
	classes = {
	};
	objectVersion = 46;
	objects = {

/* Begin PBXBuildFile section */
		06FA17711A22F404008EB55C /* main.m in Sources */ = {isa = PBXBuildFile; fileRef = 06FA17701A22F404008EB55C /* main.m */; };
		06FA17741A22F404008EB55C /* AppDelegate.m in Sources */ = {isa = PBXBuildFile; fileRef = 06FA17731A22F404008EB55C /* AppDelegate.m */; };
		06FA17771A22F404008EB55C /* ViewController.m in Sources */ = {isa = PBXBuildFile; fileRef = 06FA17761A22F404008EB55C /* ViewController.m */; };
		06FA177A1A22F404008EB55C /* Main.storyboard in Resources */ = {isa = PBXBuildFile; fileRef = 06FA17781A22F404008EB55C /* Main.storyboard */; };
		06FA177C1A22F404008EB55C /* Images.xcassets in Resources */ = {isa = PBXBuildFile; fileRef = 06FA177B1A22F404008EB55C /* Images.xcassets */; };
		06FA178B1A22F404008EB55C /* iBeacon_DemoTests.m in Sources */ = {isa = PBXBuildFile; fileRef = 06FA178A1A22F404008EB55C /* iBeacon_DemoTests.m */; };
		06FA17961A22F41D008EB55C /* CoreLocation.framework in Frameworks */ = {isa = PBXBuildFile; fileRef = 06FA17951A22F41D008EB55C /* CoreLocation.framework */; };
/* End PBXBuildFile section */

/* Begin PBXContainerItemProxy section */
		06FA17851A22F404008EB55C /* PBXContainerItemProxy */ = {
			isa = PBXContainerItemProxy;
			containerPortal = 06FA17631A22F404008EB55C /* Project object */;
			proxyType = 1;
			remoteGlobalIDString = 06FA176A1A22F404008EB55C;
			remoteInfo = iBeacon_Demo;
		};
/* End PBXContainerItemProxy section */

/* Begin PBXFileReference section */
		06FA176B1A22F404008EB55C /* iBeacon_Demo.app */ = {isa = PBXFileReference; explicitFileType = wrapper.application; includeInIndex = 0; path = iBeacon_Demo.app; sourceTree = BUILT_PRODUCTS_DIR; };
		06FA176F1A22F404008EB55C /* Info.plist */ = {isa = PBXFileReference; lastKnownFileType = text.plist.xml; path = Info.plist; sourceTree = "<group>"; };
		06FA17701A22F404008EB55C /* main.m */ = {isa = PBXFileReference; lastKnownFileType = sourcecode.c.objc; path = main.m; sourceTree = "<group>"; };
		06FA17721A22F404008EB55C /* AppDelegate.h */ = {isa = PBXFileReference; lastKnownFileType = sourcecode.c.h; path = AppDelegate.h; sourceTree = "<group>"; };
		06FA17731A22F404008EB55C /* AppDelegate.m */ = {isa = PBXFileReference; lastKnownFileType = sourcecode.c.objc; path = AppDelegate.m; sourceTree = "<group>"; };
		06FA17751A22F404008EB55C /* ViewController.h */ = {isa = PBXFileReference; lastKnownFileType = sourcecode.c.h; path = ViewController.h; sourceTree = "<group>"; };
		06FA17761A22F404008EB55C /* ViewController.m */ = {isa = PBXFileReference; lastKnownFileType = sourcecode.c.objc; path = ViewController.m; sourceTree = "<group>"; };
		06FA17791A22F404008EB55C /* Base */ = {isa = PBXFileReference; lastKnownFileType = file.storyboard; name = Base; path = Base.lproj/Main.storyboard; sourceTree = "<group>"; };
		06FA177B1A22F404008EB55C /* Images.xcassets */ = {isa = PBXFileReference; lastKnownFileType = folder.assetcatalog; path = Images.xcassets; sourceTree = "<group>"; };
		06FA17841A22F404008EB55C /* iBeacon_DemoTests.xctest */ = {isa = PBXFileReference; explicitFileType = wrapper.cfbundle; includeInIndex = 0; path = iBeacon_DemoTests.xctest; sourceTree = BUILT_PRODUCTS_DIR; };
		06FA17891A22F404008EB55C /* Info.plist */ = {isa = PBXFileReference; lastKnownFileType = text.plist.xml; path = Info.plist; sourceTree = "<group>"; };
		06FA178A1A22F404008EB55C /* iBeacon_DemoTests.m */ = {isa = PBXFileReference; lastKnownFileType = sourcecode.c.objc; path = iBeacon_DemoTests.m; sourceTree = "<group>"; };
		06FA17951A22F41D008EB55C /* CoreLocation.framework */ = {isa = PBXFileReference; lastKnownFileType = wrapper.framework; name = CoreLocation.framework; path = System/Library/Frameworks/CoreLocation.framework; sourceTree = SDKROOT; };
/* End PBXFileReference section */

/* Begin PBXFrameworksBuildPhase section */
		06FA17681A22F404008EB55C /* Frameworks */ = {
			isa = PBXFrameworksBuildPhase;
			buildActionMask = 2147483647;
			files = (
				06FA17961A22F41D008EB55C /* CoreLocation.framework in Frameworks */,
			);
			runOnlyForDeploymentPostprocessing = 0;
		};
		06FA17811A22F404008EB55C /* Frameworks */ = {
			isa = PBXFrameworksBuildPhase;
			buildActionMask = 2147483647;
			files = (
			);
			runOnlyForDeploymentPostprocessing = 0;
		};
/* End PBXFrameworksBuildPhase section */

/* Begin PBXGroup section */
		06FA17621A22F404008EB55C = {
			isa = PBXGroup;
			children = (
				06FA17941A22F40B008EB55C /* Frameworks */,
				06FA176D1A22F404008EB55C /* iBeacon_Demo */,
				06FA17871A22F404008EB55C /* iBeacon_DemoTests */,
				06FA176C1A22F404008EB55C /* Products */,
			);
			sourceTree = "<group>";
		};
		06FA176C1A22F404008EB55C /* Products */ = {
			isa = PBXGroup;
			children = (
				06FA176B1A22F404008EB55C /* iBeacon_Demo.app */,
				06FA17841A22F404008EB55C /* iBeacon_DemoTests.xctest */,
			);
			name = Products;
			sourceTree = "<group>";
		};
		06FA176D1A22F404008EB55C /* iBeacon_Demo */ = {
			isa = PBXGroup;
			children = (
				06FA17721A22F404008EB55C /* AppDelegate.h */,
				06FA17731A22F404008EB55C /* AppDelegate.m */,
				06FA17751A22F404008EB55C /* ViewController.h */,
				06FA17761A22F404008EB55C /* ViewController.m */,
				06FA17781A22F404008EB55C /* Main.storyboard */,
				06FA177B1A22F404008EB55C /* Images.xcassets */,
				06FA176E1A22F404008EB55C /* Supporting Files */,
			);
			path = iBeacon_Demo;
			sourceTree = "<group>";
		};
		06FA176E1A22F404008EB55C /* Supporting Files */ = {
			isa = PBXGroup;
			children = (
				06FA176F1A22F404008EB55C /* Info.plist */,
				06FA17701A22F404008EB55C /* main.m */,
			);
			name = "Supporting Files";
			sourceTree = "<group>";
		};
		06FA17871A22F404008EB55C /* iBeacon_DemoTests */ = {
			isa = PBXGroup;
			children = (
				06FA178A1A22F404008EB55C /* iBeacon_DemoTests.m */,
				06FA17881A22F404008EB55C /* Supporting Files */,
			);
			path = iBeacon_DemoTests;
			sourceTree = "<group>";
		};
		06FA17881A22F404008EB55C /* Supporting Files */ = {
			isa = PBXGroup;
			children = (
				06FA17891A22F404008EB55C /* Info.plist */,
			);
			name = "Supporting Files";
			sourceTree = "<group>";
		};
		06FA17941A22F40B008EB55C /* Frameworks */ = {
			isa = PBXGroup;
			children = (
				06FA17951A22F41D008EB55C /* CoreLocation.framework */,
			);
			name = Frameworks;
			sourceTree = "<group>";
		};
/* End PBXGroup section */

/* Begin PBXNativeTarget section */
		06FA176A1A22F404008EB55C /* iBeacon_Demo */ = {
			isa = PBXNativeTarget;
			buildConfigurationList = 06FA178E1A22F404008EB55C /* Build configuration list for PBXNativeTarget "iBeacon_Demo" */;
			buildPhases = (
				06FA17671A22F404008EB55C /* Sources */,
				06FA17681A22F404008EB55C /* Frameworks */,
				06FA17691A22F404008EB55C /* Resources */,
			);
			buildRules = (
			);
			dependencies = (
			);
			name = iBeacon_Demo;
			productName = iBeacon_Demo;
			productReference = 06FA176B1A22F404008EB55C /* iBeacon_Demo.app */;
			productType = "com.apple.product-type.application";
		};
		06FA17831A22F404008EB55C /* iBeacon_DemoTests */ = {
			isa = PBXNativeTarget;
			buildConfigurationList = 06FA17911A22F404008EB55C /* Build configuration list for PBXNativeTarget "iBeacon_DemoTests" */;
			buildPhases = (
				06FA17801A22F404008EB55C /* Sources */,
				06FA17811A22F404008EB55C /* Frameworks */,
				06FA17821A22F404008EB55C /* Resources */,
			);
			buildRules = (
			);
			dependencies = (
				06FA17861A22F404008EB55C /* PBXTargetDependency */,
			);
			name = iBeacon_DemoTests;
			productName = iBeacon_DemoTests;
			productReference = 06FA17841A22F404008EB55C /* iBeacon_DemoTests.xctest */;
			productType = "com.apple.product-type.bundle.unit-test";
		};
/* End PBXNativeTarget section */

/* Begin PBXProject section */
		06FA17631A22F404008EB55C /* Project object */ = {
			isa = PBXProject;
			attributes = {
				LastUpgradeCheck = 0610;
				ORGANIZATIONNAME = "Communication Planning Corporation";
				TargetAttributes = {
					06FA176A1A22F404008EB55C = {
						CreatedOnToolsVersion = 6.1;
					};
					06FA17831A22F404008EB55C = {
						CreatedOnToolsVersion = 6.1;
						TestTargetID = 06FA176A1A22F404008EB55C;
					};
				};
			};
			buildConfigurationList = 06FA17661A22F404008EB55C /* Build configuration list for PBXProject "iBeacon_Demo" */;
			compatibilityVersion = "Xcode 3.2";
			developmentRegion = English;
			hasScannedForEncodings = 0;
			knownRegions = (
				en,
				Base,
			);
			mainGroup = 06FA17621A22F404008EB55C;
			productRefGroup = 06FA176C1A22F404008EB55C /* Products */;
			projectDirPath = "";
			projectRoot = "";
			targets = (
				06FA176A1A22F404008EB55C /* iBeacon_Demo */,
				06FA17831A22F404008EB55C /* iBeacon_DemoTests */,
			);
		};
/* End PBXProject section */

/* Begin PBXResourcesBuildPhase section */
		06FA17691A22F404008EB55C /* Resources */ = {
			isa = PBXResourcesBuildPhase;
			buildActionMask = 2147483647;
			files = (
				06FA177A1A22F404008EB55C /* Main.storyboard in Resources */,
				06FA177C1A22F404008EB55C /* Images.xcassets in Resources */,
			);
			runOnlyForDeploymentPostprocessing = 0;
		};
		06FA17821A22F404008EB55C /* Resources */ = {
			isa = PBXResourcesBuildPhase;
			buildActionMask = 2147483647;
			files = (
			);
			runOnlyForDeploymentPostprocessing = 0;
		};
/* End PBXResourcesBuildPhase section */

/* Begin PBXSourcesBuildPhase section */
		06FA17671A22F404008EB55C /* Sources */ = {
			isa = PBXSourcesBuildPhase;
			buildActionMask = 2147483647;
			files = (
				06FA17771A22F404008EB55C /* ViewController.m in Sources */,
				06FA17741A22F404008EB55C /* AppDelegate.m in Sources */,
				06FA17711A22F404008EB55C /* main.m in Sources */,
			);
			runOnlyForDeploymentPostprocessing = 0;
		};
		06FA17801A22F404008EB55C /* Sources */ = {
			isa = PBXSourcesBuildPhase;
			buildActionMask = 2147483647;
			files = (
				06FA178B1A22F404008EB55C /* iBeacon_DemoTests.m in Sources */,
			);
			runOnlyForDeploymentPostprocessing = 0;
		};
/* End PBXSourcesBuildPhase section */

/* Begin PBXTargetDependency section */
		06FA17861A22F404008EB55C /* PBXTargetDependency */ = {
			isa = PBXTargetDependency;
			target = 06FA176A1A22F404008EB55C /* iBeacon_Demo */;
			targetProxy = 06FA17851A22F404008EB55C /* PBXContainerItemProxy */;
		};
/* End PBXTargetDependency section */

/* Begin PBXVariantGroup section */
		06FA17781A22F404008EB55C /* Main.storyboard */ = {
			isa = PBXVariantGroup;
			children = (
				06FA17791A22F404008EB55C /* Base */,
			);
			name = Main.storyboard;
			sourceTree = "<group>";
		};
/* End PBXVariantGroup section */

/* Begin XCBuildConfiguration section */
		06FA178C1A22F404008EB55C /* Debug */ = {
			isa = XCBuildConfiguration;
			buildSettings = {
				ALWAYS_SEARCH_USER_PATHS = NO;
				CLANG_CXX_LANGUAGE_STANDARD = "gnu++0x";
				CLANG_CXX_LIBRARY = "libc++";
				CLANG_ENABLE_MODULES = YES;
				CLANG_ENABLE_OBJC_ARC = YES;
				CLANG_WARN_BOOL_CONVERSION = YES;
				CLANG_WARN_CONSTANT_CONVERSION = YES;
				CLANG_WARN_DIRECT_OBJC_ISA_USAGE = YES_ERROR;
				CLANG_WARN_EMPTY_BODY = YES;
				CLANG_WARN_ENUM_CONVERSION = YES;
				CLANG_WARN_INT_CONVERSION = YES;
				CLANG_WARN_OBJC_ROOT_CLASS = YES_ERROR;
				CLANG_WARN_UNREACHABLE_CODE = YES;
				CLANG_WARN__DUPLICATE_METHOD_MATCH = YES;
				"CODE_SIGN_IDENTITY[sdk=iphoneos*]" = "iPhone Developer";
				COPY_PHASE_STRIP = NO;
				ENABLE_STRICT_OBJC_MSGSEND = YES;
				GCC_C_LANGUAGE_STANDARD = gnu99;
				GCC_DYNAMIC_NO_PIC = NO;
				GCC_OPTIMIZATION_LEVEL = 0;
				GCC_PREPROCESSOR_DEFINITIONS = (
					"DEBUG=1",
					"$(inherited)",
				);
				GCC_SYMBOLS_PRIVATE_EXTERN = NO;
				GCC_WARN_64_TO_32_BIT_CONVERSION = YES;
				GCC_WARN_ABOUT_RETURN_TYPE = YES_ERROR;
				GCC_WARN_UNDECLARED_SELECTOR = YES;
				GCC_WARN_UNINITIALIZED_AUTOS = YES_AGGRESSIVE;
				GCC_WARN_UNUSED_FUNCTION = YES;
				GCC_WARN_UNUSED_VARIABLE = YES;
				IPHONEOS_DEPLOYMENT_TARGET = 7.0;
				MTL_ENABLE_DEBUG_INFO = YES;
				ONLY_ACTIVE_ARCH = YES;
				SDKROOT = iphoneos;
				TARGETED_DEVICE_FAMILY = "1,2";
			};
			name = Debug;
		};
		06FA178D1A22F404008EB55C /* Release */ = {
			isa = XCBuildConfiguration;
			buildSettings = {
				ALWAYS_SEARCH_USER_PATHS = NO;
				CLANG_CXX_LANGUAGE_STANDARD = "gnu++0x";
				CLANG_CXX_LIBRARY = "libc++";
				CLANG_ENABLE_MODULES = YES;
				CLANG_ENABLE_OBJC_ARC = YES;
				CLANG_WARN_BOOL_CONVERSION = YES;
				CLANG_WARN_CONSTANT_CONVERSION = YES;
				CLANG_WARN_DIRECT_OBJC_ISA_USAGE = YES_ERROR;
				CLANG_WARN_EMPTY_BODY = YES;
				CLANG_WARN_ENUM_CONVERSION = YES;
				CLANG_WARN_INT_CONVERSION = YES;
				CLANG_WARN_OBJC_ROOT_CLASS = YES_ERROR;
				CLANG_WARN_UNREACHABLE_CODE = YES;
				CLANG_WARN__DUPLICATE_METHOD_MATCH = YES;
				"CODE_SIGN_IDENTITY[sdk=iphoneos*]" = "iPhone Distribution";
				COPY_PHASE_STRIP = YES;
				ENABLE_NS_ASSERTIONS = NO;
				ENABLE_STRICT_OBJC_MSGSEND = YES;
				GCC_C_LANGUAGE_STANDARD = gnu99;
				GCC_WARN_64_TO_32_BIT_CONVERSION = YES;
				GCC_WARN_ABOUT_RETURN_TYPE = YES_ERROR;
				GCC_WARN_UNDECLARED_SELECTOR = YES;
				GCC_WARN_UNINITIALIZED_AUTOS = YES_AGGRESSIVE;
				GCC_WARN_UNUSED_FUNCTION = YES;
				GCC_WARN_UNUSED_VARIABLE = YES;
				IPHONEOS_DEPLOYMENT_TARGET = 7.0;
				MTL_ENABLE_DEBUG_INFO = NO;
				SDKROOT = iphoneos;
				TARGETED_DEVICE_FAMILY = "1,2";
				VALIDATE_PRODUCT = YES;
			};
			name = Release;
		};
		06FA178F1A22F404008EB55C /* Debug */ = {
			isa = XCBuildConfiguration;
			buildSettings = {
				ASSETCATALOG_COMPILER_APPICON_NAME = AppIcon;
				ASSETCATALOG_COMPILER_LAUNCHIMAGE_NAME = LaunchImage;
				CODE_SIGN_IDENTITY = "iPhone Developer";
				INFOPLIST_FILE = iBeacon_Demo/Info.plist;
				IPHONEOS_DEPLOYMENT_TARGET = 7.0;
				LD_RUNPATH_SEARCH_PATHS = "$(inherited) @executable_path/Frameworks";
				PRODUCT_NAME = "$(TARGET_NAME)";
			};
			name = Debug;
		};
		06FA17901A22F404008EB55C /* Release */ = {
			isa = XCBuildConfiguration;
			buildSettings = {
				ASSETCATALOG_COMPILER_APPICON_NAME = AppIcon;
				ASSETCATALOG_COMPILER_LAUNCHIMAGE_NAME = LaunchImage;
				CODE_SIGN_IDENTITY = "iPhone Distribution";
				INFOPLIST_FILE = iBeacon_Demo/Info.plist;
				IPHONEOS_DEPLOYMENT_TARGET = 7.0;
				LD_RUNPATH_SEARCH_PATHS = "$(inherited) @executable_path/Frameworks";
				PRODUCT_NAME = "$(TARGET_NAME)";
			};
			name = Release;
		};
		06FA17921A22F404008EB55C /* Debug */ = {
			isa = XCBuildConfiguration;
			buildSettings = {
				BUNDLE_LOADER = "$(TEST_HOST)";
				FRAMEWORK_SEARCH_PATHS = (
					"$(SDKROOT)/Developer/Library/Frameworks",
					"$(inherited)",
				);
				GCC_PREPROCESSOR_DEFINITIONS = (
					"DEBUG=1",
					"$(inherited)",
				);
				INFOPLIST_FILE = iBeacon_DemoTests/Info.plist;
				LD_RUNPATH_SEARCH_PATHS = "$(inherited) @executable_path/Frameworks @loader_path/Frameworks";
				PRODUCT_NAME = "$(TARGET_NAME)";
				TEST_HOST = "$(BUILT_PRODUCTS_DIR)/iBeacon_Demo.app/iBeacon_Demo";
			};
			name = Debug;
		};
		06FA17931A22F404008EB55C /* Release */ = {
			isa = XCBuildConfiguration;
			buildSettings = {
				BUNDLE_LOADER = "$(TEST_HOST)";
				FRAMEWORK_SEARCH_PATHS = (
					"$(SDKROOT)/Developer/Library/Frameworks",
					"$(inherited)",
				);
				INFOPLIST_FILE = iBeacon_DemoTests/Info.plist;
				LD_RUNPATH_SEARCH_PATHS = "$(inherited) @executable_path/Frameworks @loader_path/Frameworks";
				PRODUCT_NAME = "$(TARGET_NAME)";
				TEST_HOST = "$(BUILT_PRODUCTS_DIR)/iBeacon_Demo.app/iBeacon_Demo";
			};
			name = Release;
		};
/* End XCBuildConfiguration section */

/* Begin XCConfigurationList section */
		06FA17661A22F404008EB55C /* Build configuration list for PBXProject "iBeacon_Demo" */ = {
			isa = XCConfigurationList;
			buildConfigurations = (
				06FA178C1A22F404008EB55C /* Debug */,
				06FA178D1A22F404008EB55C /* Release */,
			);
			defaultConfigurationIsVisible = 0;
			defaultConfigurationName = Release;
		};
		06FA178E1A22F404008EB55C /* Build configuration list for PBXNativeTarget "iBeacon_Demo" */ = {
			isa = XCConfigurationList;
			buildConfigurations = (
				06FA178F1A22F404008EB55C /* Debug */,
				06FA17901A22F404008EB55C /* Release */,
			);
			defaultConfigurationIsVisible = 0;
			defaultConfigurationName = Release;
		};
		06FA17911A22F404008EB55C /* Build configuration list for PBXNativeTarget "iBeacon_DemoTests" */ = {
			isa = XCConfigurationList;
			buildConfigurations = (
				06FA17921A22F404008EB55C /* Debug */,
				06FA17931A22F404008EB55C /* Release */,
			);
			defaultConfigurationIsVisible = 0;
			defaultConfigurationName = Release;
		};
/* End XCConfigurationList section */
	};
	rootObject = 06FA17631A22F404008EB55C /* Project object */;
}
